// !$*UTF8*$!
{
	archiveVersion = 1;
	classes = {
	};
	objectVersion = 46;
	objects = {

/* Begin PBXBuildFile section */
		81EA93031C417D79007A7DFC /* AppDelegate.swift in Sources */ = {isa = PBXBuildFile; fileRef = 81EA93021C417D79007A7DFC /* AppDelegate.swift */; };
		81EA93051C417D79007A7DFC /* ViewController.swift in Sources */ = {isa = PBXBuildFile; fileRef = 81EA93041C417D79007A7DFC /* ViewController.swift */; };
		81EA93081C417D79007A7DFC /* Main.storyboard in Resources */ = {isa = PBXBuildFile; fileRef = 81EA93061C417D79007A7DFC /* Main.storyboard */; };
		81EA930A1C417D79007A7DFC /* Images.xcassets in Resources */ = {isa = PBXBuildFile; fileRef = 81EA93091C417D79007A7DFC /* Images.xcassets */; };
		81EA930D1C417D79007A7DFC /* LaunchScreen.xib in Resources */ = {isa = PBXBuildFile; fileRef = 81EA930B1C417D79007A7DFC /* LaunchScreen.xib */; };
		81EA93191C417D79007A7DFC /* ScoutingAppTests.swift in Sources */ = {isa = PBXBuildFile; fileRef = 81EA93181C417D79007A7DFC /* ScoutingAppTests.swift */; };
		81F87DA91C44548B0058C27C /* CommunicationManager.swift in Sources */ = {isa = PBXBuildFile; fileRef = 81F87DA81C44548B0058C27C /* CommunicationManager.swift */; };
/* End PBXBuildFile section */

/* Begin PBXContainerItemProxy section */
		81EA93131C417D79007A7DFC /* PBXContainerItemProxy */ = {
			isa = PBXContainerItemProxy;
			containerPortal = 81EA92F51C417D79007A7DFC /* Project object */;
			proxyType = 1;
			remoteGlobalIDString = 81EA92FC1C417D79007A7DFC;
			remoteInfo = ScoutingApp;
		};
/* End PBXContainerItemProxy section */

/* Begin PBXFileReference section */
		81EA92FD1C417D79007A7DFC /* ScoutingApp.app */ = {isa = PBXFileReference; explicitFileType = wrapper.application; includeInIndex = 0; path = ScoutingApp.app; sourceTree = BUILT_PRODUCTS_DIR; };
		81EA93011C417D79007A7DFC /* Info.plist */ = {isa = PBXFileReference; lastKnownFileType = text.plist.xml; path = Info.plist; sourceTree = "<group>"; };
		81EA93021C417D79007A7DFC /* AppDelegate.swift */ = {isa = PBXFileReference; lastKnownFileType = sourcecode.swift; path = AppDelegate.swift; sourceTree = "<group>"; };
		81EA93041C417D79007A7DFC /* ViewController.swift */ = {isa = PBXFileReference; lastKnownFileType = sourcecode.swift; path = ViewController.swift; sourceTree = "<group>"; };
		81EA93071C417D79007A7DFC /* Base */ = {isa = PBXFileReference; lastKnownFileType = file.storyboard; name = Base; path = Base.lproj/Main.storyboard; sourceTree = "<group>"; };
		81EA93091C417D79007A7DFC /* Images.xcassets */ = {isa = PBXFileReference; lastKnownFileType = folder.assetcatalog; path = Images.xcassets; sourceTree = "<group>"; };
		81EA930C1C417D79007A7DFC /* Base */ = {isa = PBXFileReference; lastKnownFileType = file.xib; name = Base; path = Base.lproj/LaunchScreen.xib; sourceTree = "<group>"; };
		81EA93121C417D79007A7DFC /* ScoutingAppTests.xctest */ = {isa = PBXFileReference; explicitFileType = wrapper.cfbundle; includeInIndex = 0; path = ScoutingAppTests.xctest; sourceTree = BUILT_PRODUCTS_DIR; };
		81EA93171C417D79007A7DFC /* Info.plist */ = {isa = PBXFileReference; lastKnownFileType = text.plist.xml; path = Info.plist; sourceTree = "<group>"; };
		81EA93181C417D79007A7DFC /* ScoutingAppTests.swift */ = {isa = PBXFileReference; lastKnownFileType = sourcecode.swift; path = ScoutingAppTests.swift; sourceTree = "<group>"; };
		81F87DA81C44548B0058C27C /* CommunicationManager.swift */ = {isa = PBXFileReference; fileEncoding = 4; lastKnownFileType = sourcecode.swift; path = CommunicationManager.swift; sourceTree = "<group>"; };
/* End PBXFileReference section */

/* Begin PBXFrameworksBuildPhase section */
		81EA92FA1C417D79007A7DFC /* Frameworks */ = {
			isa = PBXFrameworksBuildPhase;
			buildActionMask = 2147483647;
			files = (
			);
			runOnlyForDeploymentPostprocessing = 0;
		};
		81EA930F1C417D79007A7DFC /* Frameworks */ = {
			isa = PBXFrameworksBuildPhase;
			buildActionMask = 2147483647;
			files = (
			);
			runOnlyForDeploymentPostprocessing = 0;
		};
/* End PBXFrameworksBuildPhase section */

/* Begin PBXGroup section */
		81EA92F41C417D79007A7DFC = {
			isa = PBXGroup;
			children = (
				81EA92FF1C417D79007A7DFC /* ScoutingApp */,
				81EA93151C417D79007A7DFC /* ScoutingAppTests */,
				81EA92FE1C417D79007A7DFC /* Products */,
			);
			sourceTree = "<group>";
		};
		81EA92FE1C417D79007A7DFC /* Products */ = {
			isa = PBXGroup;
			children = (
				81EA92FD1C417D79007A7DFC /* ScoutingApp.app */,
				81EA93121C417D79007A7DFC /* ScoutingAppTests.xctest */,
			);
			name = Products;
			sourceTree = "<group>";
		};
		81EA92FF1C417D79007A7DFC /* ScoutingApp */ = {
			isa = PBXGroup;
			children = (
				81EA93021C417D79007A7DFC /* AppDelegate.swift */,
				81EA93041C417D79007A7DFC /* ViewController.swift */,
				81F87DA81C44548B0058C27C /* CommunicationManager.swift */,
				81EA93061C417D79007A7DFC /* Main.storyboard */,
				81EA93091C417D79007A7DFC /* Images.xcassets */,
				81EA930B1C417D79007A7DFC /* LaunchScreen.xib */,
				81EA93001C417D79007A7DFC /* Supporting Files */,
			);
			path = ScoutingApp;
			sourceTree = "<group>";
		};
		81EA93001C417D79007A7DFC /* Supporting Files */ = {
			isa = PBXGroup;
			children = (
				81EA93011C417D79007A7DFC /* Info.plist */,
			);
			name = "Supporting Files";
			sourceTree = "<group>";
		};
		81EA93151C417D79007A7DFC /* ScoutingAppTests */ = {
			isa = PBXGroup;
			children = (
				81EA93181C417D79007A7DFC /* ScoutingAppTests.swift */,
				81EA93161C417D79007A7DFC /* Supporting Files */,
			);
			path = ScoutingAppTests;
			sourceTree = "<group>";
		};
		81EA93161C417D79007A7DFC /* Supporting Files */ = {
			isa = PBXGroup;
			children = (
				81EA93171C417D79007A7DFC /* Info.plist */,
			);
			name = "Supporting Files";
			sourceTree = "<group>";
		};
/* End PBXGroup section */

/* Begin PBXNativeTarget section */
		81EA92FC1C417D79007A7DFC /* ScoutingApp */ = {
			isa = PBXNativeTarget;
			buildConfigurationList = 81EA931C1C417D79007A7DFC /* Build configuration list for PBXNativeTarget "ScoutingApp" */;
			buildPhases = (
				81EA92F91C417D79007A7DFC /* Sources */,
				81EA92FA1C417D79007A7DFC /* Frameworks */,
				81EA92FB1C417D79007A7DFC /* Resources */,
			);
			buildRules = (
			);
			dependencies = (
			);
			name = ScoutingApp;
			productName = ScoutingApp;
			productReference = 81EA92FD1C417D79007A7DFC /* ScoutingApp.app */;
			productType = "com.apple.product-type.application";
		};
		81EA93111C417D79007A7DFC /* ScoutingAppTests */ = {
			isa = PBXNativeTarget;
			buildConfigurationList = 81EA931F1C417D79007A7DFC /* Build configuration list for PBXNativeTarget "ScoutingAppTests" */;
			buildPhases = (
				81EA930E1C417D79007A7DFC /* Sources */,
				81EA930F1C417D79007A7DFC /* Frameworks */,
				81EA93101C417D79007A7DFC /* Resources */,
			);
			buildRules = (
			);
			dependencies = (
				81EA93141C417D79007A7DFC /* PBXTargetDependency */,
			);
			name = ScoutingAppTests;
			productName = ScoutingAppTests;
			productReference = 81EA93121C417D79007A7DFC /* ScoutingAppTests.xctest */;
			productType = "com.apple.product-type.bundle.unit-test";
		};
/* End PBXNativeTarget section */

/* Begin PBXProject section */
		81EA92F51C417D79007A7DFC /* Project object */ = {
			isa = PBXProject;
			attributes = {
				LastUpgradeCheck = 0640;
				ORGANIZATIONNAME = HMFRC;
				TargetAttributes = {
					81EA92FC1C417D79007A7DFC = {
						CreatedOnToolsVersion = 6.4;
					};
					81EA93111C417D79007A7DFC = {
						CreatedOnToolsVersion = 6.4;
						TestTargetID = 81EA92FC1C417D79007A7DFC;
					};
				};
			};
			buildConfigurationList = 81EA92F81C417D79007A7DFC /* Build configuration list for PBXProject "ScoutingApp" */;
			compatibilityVersion = "Xcode 3.2";
			developmentRegion = English;
			hasScannedForEncodings = 0;
			knownRegions = (
				en,
				Base,
			);
			mainGroup = 81EA92F41C417D79007A7DFC;
			productRefGroup = 81EA92FE1C417D79007A7DFC /* Products */;
			projectDirPath = "";
			projectRoot = "";
			targets = (
				81EA92FC1C417D79007A7DFC /* ScoutingApp */,
				81EA93111C417D79007A7DFC /* ScoutingAppTests */,
			);
		};
/* End PBXProject section */

/* Begin PBXResourcesBuildPhase section */
		81EA92FB1C417D79007A7DFC /* Resources */ = {
			isa = PBXResourcesBuildPhase;
			buildActionMask = 2147483647;
			files = (
				81EA93081C417D79007A7DFC /* Main.storyboard in Resources */,
				81EA930D1C417D79007A7DFC /* LaunchScreen.xib in Resources */,
				81EA930A1C417D79007A7DFC /* Images.xcassets in Resources */,
			);
			runOnlyForDeploymentPostprocessing = 0;
		};
		81EA93101C417D79007A7DFC /* Resources */ = {
			isa = PBXResourcesBuildPhase;
			buildActionMask = 2147483647;
			files = (
			);
			runOnlyForDeploymentPostprocessing = 0;
		};
/* End PBXResourcesBuildPhase section */

/* Begin PBXSourcesBuildPhase section */
		81EA92F91C417D79007A7DFC /* Sources */ = {
			isa = PBXSourcesBuildPhase;
			buildActionMask = 2147483647;
			files = (
				81EA93051C417D79007A7DFC /* ViewController.swift in Sources */,
				81F87DA91C44548B0058C27C /* CommunicationManager.swift in Sources */,
				81EA93031C417D79007A7DFC /* AppDelegate.swift in Sources */,
			);
			runOnlyForDeploymentPostprocessing = 0;
		};
		81EA930E1C417D79007A7DFC /* Sources */ = {
			isa = PBXSourcesBuildPhase;
			buildActionMask = 2147483647;
			files = (
				81EA93191C417D79007A7DFC /* ScoutingAppTests.swift in Sources */,
			);
			runOnlyForDeploymentPostprocessing = 0;
		};
/* End PBXSourcesBuildPhase section */

/* Begin PBXTargetDependency section */
		81EA93141C417D79007A7DFC /* PBXTargetDependency */ = {
			isa = PBXTargetDependency;
			target = 81EA92FC1C417D79007A7DFC /* ScoutingApp */;
			targetProxy = 81EA93131C417D79007A7DFC /* PBXContainerItemProxy */;
		};
/* End PBXTargetDependency section */

/* Begin PBXVariantGroup section */
		81EA93061C417D79007A7DFC /* Main.storyboard */ = {
			isa = PBXVariantGroup;
			children = (
				81EA93071C417D79007A7DFC /* Base */,
			);
			name = Main.storyboard;
			sourceTree = "<group>";
		};
		81EA930B1C417D79007A7DFC /* LaunchScreen.xib */ = {
			isa = PBXVariantGroup;
			children = (
				81EA930C1C417D79007A7DFC /* Base */,
			);
			name = LaunchScreen.xib;
			sourceTree = "<group>";
		};
/* End PBXVariantGroup section */

/* Begin XCBuildConfiguration section */
		81EA931A1C417D79007A7DFC /* Debug */ = {
			isa = XCBuildConfiguration;
			buildSettings = {
				ALWAYS_SEARCH_USER_PATHS = NO;
				CLANG_CXX_LANGUAGE_STANDARD = "gnu++0x";
				CLANG_CXX_LIBRARY = "libc++";
				CLANG_ENABLE_MODULES = YES;
				CLANG_ENABLE_OBJC_ARC = YES;
				CLANG_WARN_BOOL_CONVERSION = YES;
				CLANG_WARN_CONSTANT_CONVERSION = YES;
				CLANG_WARN_DIRECT_OBJC_ISA_USAGE = YES_ERROR;
				CLANG_WARN_EMPTY_BODY = YES;
				CLANG_WARN_ENUM_CONVERSION = YES;
				CLANG_WARN_INT_CONVERSION = YES;
				CLANG_WARN_OBJC_ROOT_CLASS = YES_ERROR;
				CLANG_WARN_UNREACHABLE_CODE = YES;
				CLANG_WARN__DUPLICATE_METHOD_MATCH = YES;
				"CODE_SIGN_IDENTITY[sdk=iphoneos*]" = "iPhone Developer";
				COPY_PHASE_STRIP = NO;
				DEBUG_INFORMATION_FORMAT = "dwarf-with-dsym";
				ENABLE_STRICT_OBJC_MSGSEND = YES;
				GCC_C_LANGUAGE_STANDARD = gnu99;
				GCC_DYNAMIC_NO_PIC = NO;
				GCC_NO_COMMON_BLOCKS = YES;
				GCC_OPTIMIZATION_LEVEL = 0;
				GCC_PREPROCESSOR_DEFINITIONS = (
					"DEBUG=1",
					"$(inherited)",
				);
				GCC_SYMBOLS_PRIVATE_EXTERN = NO;
				GCC_WARN_64_TO_32_BIT_CONVERSION = YES;
				GCC_WARN_ABOUT_RETURN_TYPE = YES_ERROR;
				GCC_WARN_UNDECLARED_SELECTOR = YES;
				GCC_WARN_UNINITIALIZED_AUTOS = YES_AGGRESSIVE;
				GCC_WARN_UNUSED_FUNCTION = YES;
				GCC_WARN_UNUSED_VARIABLE = YES;
				IPHONEOS_DEPLOYMENT_TARGET = 8.4;
				MTL_ENABLE_DEBUG_INFO = YES;
				ONLY_ACTIVE_ARCH = YES;
				SDKROOT = iphoneos;
				SWIFT_OPTIMIZATION_LEVEL = "-Onone";
			};
			name = Debug;
		};
		81EA931B1C417D79007A7DFC /* Release */ = {
			isa = XCBuildConfiguration;
			buildSettings = {
				ALWAYS_SEARCH_USER_PATHS = NO;
				CLANG_CXX_LANGUAGE_STANDARD = "gnu++0x";
				CLANG_CXX_LIBRARY = "libc++";
				CLANG_ENABLE_MODULES = YES;
				CLANG_ENABLE_OBJC_ARC = YES;
				CLANG_WARN_BOOL_CONVERSION = YES;
				CLANG_WARN_CONSTANT_CONVERSION = YES;
				CLANG_WARN_DIRECT_OBJC_ISA_USAGE = YES_ERROR;
				CLANG_WARN_EMPTY_BODY = YES;
				CLANG_WARN_ENUM_CONVERSION = YES;
				CLANG_WARN_INT_CONVERSION = YES;
				CLANG_WARN_OBJC_ROOT_CLASS = YES_ERROR;
				CLANG_WARN_UNREACHABLE_CODE = YES;
				CLANG_WARN__DUPLICATE_METHOD_MATCH = YES;
				"CODE_SIGN_IDENTITY[sdk=iphoneos*]" = "iPhone Developer";
				COPY_PHASE_STRIP = NO;
				DEBUG_INFORMATION_FORMAT = "dwarf-with-dsym";
				ENABLE_NS_ASSERTIONS = NO;
				ENABLE_STRICT_OBJC_MSGSEND = YES;
				GCC_C_LANGUAGE_STANDARD = gnu99;
				GCC_NO_COMMON_BLOCKS = YES;
				GCC_WARN_64_TO_32_BIT_CONVERSION = YES;
				GCC_WARN_ABOUT_RETURN_TYPE = YES_ERROR;
				GCC_WARN_UNDECLARED_SELECTOR = YES;
				GCC_WARN_UNINITIALIZED_AUTOS = YES_AGGRESSIVE;
				GCC_WARN_UNUSED_FUNCTION = YES;
				GCC_WARN_UNUSED_VARIABLE = YES;
				IPHONEOS_DEPLOYMENT_TARGET = 8.4;
				MTL_ENABLE_DEBUG_INFO = NO;
				SDKROOT = iphoneos;
				VALIDATE_PRODUCT = YES;
			};
			name = Release;
		};
		81EA931D1C417D79007A7DFC /* Debug */ = {
			isa = XCBuildConfiguration;
			buildSettings = {
				ASSETCATALOG_COMPILER_APPICON_NAME = AppIcon;
				INFOPLIST_FILE = ScoutingApp/Info.plist;
				LD_RUNPATH_SEARCH_PATHS = "$(inherited) @executable_path/Frameworks";
				PRODUCT_NAME = "$(TARGET_NAME)";
			};
			name = Debug;
		};
		81EA931E1C417D79007A7DFC /* Release */ = {
			isa = XCBuildConfiguration;
			buildSettings = {
				ASSETCATALOG_COMPILER_APPICON_NAME = AppIcon;
				INFOPLIST_FILE = ScoutingApp/Info.plist;
				LD_RUNPATH_SEARCH_PATHS = "$(inherited) @executable_path/Frameworks";
				PRODUCT_NAME = "$(TARGET_NAME)";
			};
			name = Release;
		};
		81EA93201C417D79007A7DFC /* Debug */ = {
			isa = XCBuildConfiguration;
			buildSettings = {
				BUNDLE_LOADER = "$(TEST_HOST)";
				FRAMEWORK_SEARCH_PATHS = (
					"$(SDKROOT)/Developer/Library/Frameworks",
					"$(inherited)",
				);
				GCC_PREPROCESSOR_DEFINITIONS = (
					"DEBUG=1",
					"$(inherited)",
				);
				INFOPLIST_FILE = ScoutingAppTests/Info.plist;
				LD_RUNPATH_SEARCH_PATHS = "$(inherited) @executable_path/Frameworks @loader_path/Frameworks";
				PRODUCT_NAME = "$(TARGET_NAME)";
				TEST_HOST = "$(BUILT_PRODUCTS_DIR)/ScoutingApp.app/ScoutingApp";
			};
			name = Debug;
		};
		81EA93211C417D79007A7DFC /* Release */ = {
			isa = XCBuildConfiguration;
			buildSettings = {
				BUNDLE_LOADER = "$(TEST_HOST)";
				FRAMEWORK_SEARCH_PATHS = (
					"$(SDKROOT)/Developer/Library/Frameworks",
					"$(inherited)",
				);
				INFOPLIST_FILE = ScoutingAppTests/Info.plist;
				LD_RUNPATH_SEARCH_PATHS = "$(inherited) @executable_path/Frameworks @loader_path/Frameworks";
				PRODUCT_NAME = "$(TARGET_NAME)";
				TEST_HOST = "$(BUILT_PRODUCTS_DIR)/ScoutingApp.app/ScoutingApp";
			};
			name = Release;
		};
/* End XCBuildConfiguration section */

/* Begin XCConfigurationList section */
		81EA92F81C417D79007A7DFC /* Build configuration list for PBXProject "ScoutingApp" */ = {
			isa = XCConfigurationList;
			buildConfigurations = (
				81EA931A1C417D79007A7DFC /* Debug */,
				81EA931B1C417D79007A7DFC /* Release */,
			);
			defaultConfigurationIsVisible = 0;
			defaultConfigurationName = Release;
		};
		81EA931C1C417D79007A7DFC /* Build configuration list for PBXNativeTarget "ScoutingApp" */ = {
			isa = XCConfigurationList;
			buildConfigurations = (
				81EA931D1C417D79007A7DFC /* Debug */,
				81EA931E1C417D79007A7DFC /* Release */,
			);
			defaultConfigurationIsVisible = 0;
			defaultConfigurationName = Release;
		};
		81EA931F1C417D79007A7DFC /* Build configuration list for PBXNativeTarget "ScoutingAppTests" */ = {
			isa = XCConfigurationList;
			buildConfigurations = (
				81EA93201C417D79007A7DFC /* Debug */,
				81EA93211C417D79007A7DFC /* Release */,
			);
			defaultConfigurationIsVisible = 0;
			defaultConfigurationName = Release;
		};
/* End XCConfigurationList section */
	};
	rootObject = 81EA92F51C417D79007A7DFC /* Project object */;
}
